
Microsoft Visual Studio Solution File, Format Version 11.00
# Visual Studio 2010
Project("{FAE04EC0-301F-11D3-BF4B-00C04F79EFBC}") = "SGDe", "SGDe\SGDe.csproj", "{C835C6B8-EF31-45E7-8FDA-BB6A01366A61}"
EndProject
Project("{FAE04EC0-301F-11D3-BF4B-00C04F79EFBC}") = "SGDeContent", "SGDeContent\SGDeContent.csproj", "{0D8ECF05-815F-4333-A54D-B99BD47BF2F1}"
EndProject
Project("{FAE04EC0-301F-11D3-BF4B-00C04F79EFBC}") = "TestDemo", "..\..\..\Demos\TestDemo\TestDemo\TestDemo\TestDemo.csproj", "{072E1107-0321-4C93-817F-86BB3D25BE44}"
EndProject
Project("{FAE04EC0-301F-11D3-BF4B-00C04F79EFBC}") = "TestDemoContent", "..\..\..\Demos\TestDemo\TestDemo\TestDemoContent\TestDemoContent.contentproj", "{91A11785-7BA5-48DB-9785-7A77BA5C51A1}"
EndProject
Project("{2150E333-8FDC-42A3-9474-1A3956D46DE8}") = "SGDE_Libraries", "SGDE_Libraries", "{2EAEB938-F422-403E-B783-7B49A124D18C}"
EndProject
Project("{2150E333-8FDC-42A3-9474-1A3956D46DE8}") = "Demo Game", "Demo Game", "{E5295611-EFDA-4A21-BD7E-84B64DE7227C}"
EndProject
Project("{2150E333-8FDC-42A3-9474-1A3956D46DE8}") = "Tools", "Tools", "{17E5392C-B485-4980-B219-7DD061F5E331}"
EndProject
Project("{FAE04EC0-301F-11D3-BF4B-00C04F79EFBC}") = "SGDeB", "..\Tools\SGDeB\SGDeB\SGDeB.csproj", "{1937061F-8EF4-446E-9314-7D00472FAE80}"
EndProject
Project("{FAE04EC0-301F-11D3-BF4B-00C04F79EFBC}") = "ContentDebugger", "..\Tools\ContentDebugger\ContentDebugger.csproj", "{221E9428-A124-458C-9F82-7C7BBFC75A3C}"
EndProject
Global
	GlobalSection(SolutionConfigurationPlatforms) = preSolution
		Debug|x86 = Debug|x86
		Release|x86 = Release|x86
	EndGlobalSection
	GlobalSection(ProjectConfigurationPlatforms) = postSolution
		{C835C6B8-EF31-45E7-8FDA-BB6A01366A61}.Debug|x86.ActiveCfg = Debug|x86
		{C835C6B8-EF31-45E7-8FDA-BB6A01366A61}.Debug|x86.Build.0 = Debug|x86
		{C835C6B8-EF31-45E7-8FDA-BB6A01366A61}.Release|x86.ActiveCfg = Release|x86
		{C835C6B8-EF31-45E7-8FDA-BB6A01366A61}.Release|x86.Build.0 = Release|x86
		{0D8ECF05-815F-4333-A54D-B99BD47BF2F1}.Debug|x86.ActiveCfg = Debug|x86
		{0D8ECF05-815F-4333-A54D-B99BD47BF2F1}.Debug|x86.Build.0 = Debug|x86
		{0D8ECF05-815F-4333-A54D-B99BD47BF2F1}.Release|x86.ActiveCfg = Debug|x86
		{0D8ECF05-815F-4333-A54D-B99BD47BF2F1}.Release|x86.Build.0 = Debug|x86
		{072E1107-0321-4C93-817F-86BB3D25BE44}.Debug|x86.ActiveCfg = Debug|x86
		{072E1107-0321-4C93-817F-86BB3D25BE44}.Debug|x86.Build.0 = Debug|x86
		{072E1107-0321-4C93-817F-86BB3D25BE44}.Release|x86.ActiveCfg = Release|x86
		{072E1107-0321-4C93-817F-86BB3D25BE44}.Release|x86.Build.0 = Release|x86
		{91A11785-7BA5-48DB-9785-7A77BA5C51A1}.Debug|x86.ActiveCfg = Debug|x86
		{91A11785-7BA5-48DB-9785-7A77BA5C51A1}.Release|x86.ActiveCfg = Release|x86
		{1937061F-8EF4-446E-9314-7D00472FAE80}.Debug|x86.ActiveCfg = Debug|x86
		{1937061F-8EF4-446E-9314-7D00472FAE80}.Debug|x86.Build.0 = Debug|x86
		{1937061F-8EF4-446E-9314-7D00472FAE80}.Release|x86.ActiveCfg = Release|x86
		{1937061F-8EF4-446E-9314-7D00472FAE80}.Release|x86.Build.0 = Release|x86
		{221E9428-A124-458C-9F82-7C7BBFC75A3C}.Debug|x86.ActiveCfg = Debug|x86
		{221E9428-A124-458C-9F82-7C7BBFC75A3C}.Debug|x86.Build.0 = Debug|x86
		{221E9428-A124-458C-9F82-7C7BBFC75A3C}.Release|x86.ActiveCfg = Release|x86
		{221E9428-A124-458C-9F82-7C7BBFC75A3C}.Release|x86.Build.0 = Release|x86
	EndGlobalSection
	GlobalSection(SolutionProperties) = preSolution
		HideSolutionNode = FALSE
	EndGlobalSection
	GlobalSection(NestedProjects) = preSolution
		{0D8ECF05-815F-4333-A54D-B99BD47BF2F1} = {2EAEB938-F422-403E-B783-7B49A124D18C}
		{C835C6B8-EF31-45E7-8FDA-BB6A01366A61} = {2EAEB938-F422-403E-B783-7B49A124D18C}
		{91A11785-7BA5-48DB-9785-7A77BA5C51A1} = {E5295611-EFDA-4A21-BD7E-84B64DE7227C}
		{072E1107-0321-4C93-817F-86BB3D25BE44} = {E5295611-EFDA-4A21-BD7E-84B64DE7227C}
		{1937061F-8EF4-446E-9314-7D00472FAE80} = {17E5392C-B485-4980-B219-7DD061F5E331}
		{221E9428-A124-458C-9F82-7C7BBFC75A3C} = {17E5392C-B485-4980-B219-7DD061F5E331}
	EndGlobalSection
EndGlobal
