
Microsoft Visual Studio Solution File, Format Version 11.00
# Visual Studio 2010
Project("{FAE04EC0-301F-11D3-BF4B-00C04F79EFBC}") = "MyPolarBear", "MyPolarBear\MyPolarBear\MyPolarBear.csproj", "{F901901C-3077-4B87-91D2-5197FFF114FF}"
EndProject
Project("{FAE04EC0-301F-11D3-BF4B-00C04F79EFBC}") = "MyPolarBearContent", "MyPolarBear\MyPolarBearContent\MyPolarBearContent.contentproj", "{AED7A8F5-D51F-4820-90F0-6D8BA9889136}"
EndProject
Project("{FAE04EC0-301F-11D3-BF4B-00C04F79EFBC}") = "Windows Phone Copy (2) of MyPolarBear", "MyPolarBear\MyPolarBear\Windows Phone Copy (2) of MyPolarBear.csproj", "{17FEF7A3-C0AC-4CDB-A615-9E88BC05E3E0}"
EndProject
Global
	GlobalSection(SolutionConfigurationPlatforms) = preSolution
		Debug|Mixed Platforms = Debug|Mixed Platforms
		Debug|Windows Phone = Debug|Windows Phone
		Debug|x86 = Debug|x86
		Release|Mixed Platforms = Release|Mixed Platforms
		Release|Windows Phone = Release|Windows Phone
		Release|x86 = Release|x86
	EndGlobalSection
	GlobalSection(ProjectConfigurationPlatforms) = postSolution
		{F901901C-3077-4B87-91D2-5197FFF114FF}.Debug|Mixed Platforms.ActiveCfg = Debug|x86
		{F901901C-3077-4B87-91D2-5197FFF114FF}.Debug|Mixed Platforms.Build.0 = Debug|x86
		{F901901C-3077-4B87-91D2-5197FFF114FF}.Debug|Windows Phone.ActiveCfg = Debug|x86
		{F901901C-3077-4B87-91D2-5197FFF114FF}.Debug|Windows Phone.Build.0 = Debug|x86
		{F901901C-3077-4B87-91D2-5197FFF114FF}.Debug|x86.ActiveCfg = Debug|x86
		{F901901C-3077-4B87-91D2-5197FFF114FF}.Debug|x86.Build.0 = Debug|x86
		{F901901C-3077-4B87-91D2-5197FFF114FF}.Release|Mixed Platforms.ActiveCfg = Release|x86
		{F901901C-3077-4B87-91D2-5197FFF114FF}.Release|Mixed Platforms.Build.0 = Release|x86
		{F901901C-3077-4B87-91D2-5197FFF114FF}.Release|Windows Phone.ActiveCfg = Release|x86
		{F901901C-3077-4B87-91D2-5197FFF114FF}.Release|Windows Phone.Build.0 = Release|x86
		{F901901C-3077-4B87-91D2-5197FFF114FF}.Release|x86.ActiveCfg = Release|x86
		{F901901C-3077-4B87-91D2-5197FFF114FF}.Release|x86.Build.0 = Release|x86
		{AED7A8F5-D51F-4820-90F0-6D8BA9889136}.Debug|Mixed Platforms.ActiveCfg = Debug|x86
		{AED7A8F5-D51F-4820-90F0-6D8BA9889136}.Debug|Windows Phone.ActiveCfg = Debug|x86
		{AED7A8F5-D51F-4820-90F0-6D8BA9889136}.Debug|x86.ActiveCfg = Debug|x86
		{AED7A8F5-D51F-4820-90F0-6D8BA9889136}.Release|Mixed Platforms.ActiveCfg = Release|x86
		{AED7A8F5-D51F-4820-90F0-6D8BA9889136}.Release|Windows Phone.ActiveCfg = Release|x86
		{AED7A8F5-D51F-4820-90F0-6D8BA9889136}.Release|x86.ActiveCfg = Release|x86
		{17FEF7A3-C0AC-4CDB-A615-9E88BC05E3E0}.Debug|Mixed Platforms.ActiveCfg = Debug|Windows Phone
		{17FEF7A3-C0AC-4CDB-A615-9E88BC05E3E0}.Debug|Mixed Platforms.Build.0 = Debug|Windows Phone
		{17FEF7A3-C0AC-4CDB-A615-9E88BC05E3E0}.Debug|Mixed Platforms.Deploy.0 = Debug|Windows Phone
		{17FEF7A3-C0AC-4CDB-A615-9E88BC05E3E0}.Debug|Windows Phone.ActiveCfg = Debug|Windows Phone
		{17FEF7A3-C0AC-4CDB-A615-9E88BC05E3E0}.Debug|Windows Phone.Build.0 = Debug|Windows Phone
		{17FEF7A3-C0AC-4CDB-A615-9E88BC05E3E0}.Debug|Windows Phone.Deploy.0 = Debug|Windows Phone
		{17FEF7A3-C0AC-4CDB-A615-9E88BC05E3E0}.Debug|x86.ActiveCfg = Debug|Windows Phone
		{17FEF7A3-C0AC-4CDB-A615-9E88BC05E3E0}.Release|Mixed Platforms.ActiveCfg = Release|Windows Phone
		{17FEF7A3-C0AC-4CDB-A615-9E88BC05E3E0}.Release|Mixed Platforms.Build.0 = Release|Windows Phone
		{17FEF7A3-C0AC-4CDB-A615-9E88BC05E3E0}.Release|Mixed Platforms.Deploy.0 = Release|Windows Phone
		{17FEF7A3-C0AC-4CDB-A615-9E88BC05E3E0}.Release|Windows Phone.ActiveCfg = Release|Windows Phone
		{17FEF7A3-C0AC-4CDB-A615-9E88BC05E3E0}.Release|Windows Phone.Build.0 = Release|Windows Phone
		{17FEF7A3-C0AC-4CDB-A615-9E88BC05E3E0}.Release|Windows Phone.Deploy.0 = Release|Windows Phone
		{17FEF7A3-C0AC-4CDB-A615-9E88BC05E3E0}.Release|x86.ActiveCfg = Release|Windows Phone
	EndGlobalSection
	GlobalSection(SolutionProperties) = preSolution
		HideSolutionNode = FALSE
	EndGlobalSection
EndGlobal
